
Microsoft Visual Studio Solution File, Format Version 12.00
# Visual Studio Version 16
VisualStudioVersion = 16.0.34729.46
MinimumVisualStudioVersion = 10.0.40219.1
Project("{FAE04EC0-301F-11D3-BF4B-00C04F79EFBC}") = "DesafioDev", "DesafioDev\DesafioDev.csproj", "{40A820CC-3E66-401E-A0CB-22706A9C10F7}"
EndProject
Project("{FAE04EC0-301F-11D3-BF4B-00C04F79EFBC}") = "DesafioDev.Repositorio", "DesafioDev.Repositorio\DesafioDev.Repositorio.csproj", "{C44B0B68-C05C-4570-86E9-C8BA26095959}"
EndProject
Global
	GlobalSection(SolutionConfigurationPlatforms) = preSolution
		Debug|Any CPU = Debug|Any CPU
		Release|Any CPU = Release|Any CPU
	EndGlobalSection
	GlobalSection(ProjectConfigurationPlatforms) = postSolution
		{40A820CC-3E66-401E-A0CB-22706A9C10F7}.Debug|Any CPU.ActiveCfg = Debug|Any CPU
		{40A820CC-3E66-401E-A0CB-22706A9C10F7}.Debug|Any CPU.Build.0 = Debug|Any CPU
		{40A820CC-3E66-401E-A0CB-22706A9C10F7}.Release|Any CPU.ActiveCfg = Release|Any CPU
		{40A820CC-3E66-401E-A0CB-22706A9C10F7}.Release|Any CPU.Build.0 = Release|Any CPU
		{C44B0B68-C05C-4570-86E9-C8BA26095959}.Debug|Any CPU.ActiveCfg = Debug|Any CPU
		{C44B0B68-C05C-4570-86E9-C8BA26095959}.Debug|Any CPU.Build.0 = Debug|Any CPU
		{C44B0B68-C05C-4570-86E9-C8BA26095959}.Release|Any CPU.ActiveCfg = Release|Any CPU
		{C44B0B68-C05C-4570-86E9-C8BA26095959}.Release|Any CPU.Build.0 = Release|Any CPU
	EndGlobalSection
	GlobalSection(SolutionProperties) = preSolution
		HideSolutionNode = FALSE
	EndGlobalSection
	GlobalSection(ExtensibilityGlobals) = postSolution
		SolutionGuid = {82DC270E-D9ED-4724-BE26-835D75CB8F28}
	EndGlobalSection
EndGlobal
